
Microsoft Visual Studio Solution File, Format Version 12.00
# Visual Studio Version 16
VisualStudioVersion = 16.0.30114.105
MinimumVisualStudioVersion = 10.0.40219.1
Project("{FAE04EC0-301F-11D3-BF4B-00C04F79EFBC}") = "NetWebAssemblyTSTypeGenerator", "src\NetWebAssemblyTSTypeGenerator.csproj", "{821AFB5B-AC8B-48CC-91A1-38423154E7E3}"
EndProject
Project("{FAE04EC0-301F-11D3-BF4B-00C04F79EFBC}") = "NetWebAssemblyTSTypeGenerator.Tests", "tests\NetWebAssemblyTSTypeGenerator.Tests.csproj", "{96FE42EE-2102-48E7-AD93-75050CD5010D}"
EndProject
Global
	GlobalSection(SolutionConfigurationPlatforms) = preSolution
		Debug|Any CPU = Debug|Any CPU
		Release|Any CPU = Release|Any CPU
	EndGlobalSection
	GlobalSection(SolutionProperties) = preSolution
		HideSolutionNode = FALSE
	EndGlobalSection
	GlobalSection(ProjectConfigurationPlatforms) = postSolution
		{821AFB5B-AC8B-48CC-91A1-38423154E7E3}.Debug|Any CPU.ActiveCfg = Debug|Any CPU
		{821AFB5B-AC8B-48CC-91A1-38423154E7E3}.Debug|Any CPU.Build.0 = Debug|Any CPU
		{821AFB5B-AC8B-48CC-91A1-38423154E7E3}.Release|Any CPU.ActiveCfg = Release|Any CPU
		{821AFB5B-AC8B-48CC-91A1-38423154E7E3}.Release|Any CPU.Build.0 = Release|Any CPU
		{96FE42EE-2102-48E7-AD93-75050CD5010D}.Debug|Any CPU.ActiveCfg = Debug|Any CPU
		{96FE42EE-2102-48E7-AD93-75050CD5010D}.Debug|Any CPU.Build.0 = Debug|Any CPU
		{96FE42EE-2102-48E7-AD93-75050CD5010D}.Release|Any CPU.ActiveCfg = Release|Any CPU
		{96FE42EE-2102-48E7-AD93-75050CD5010D}.Release|Any CPU.Build.0 = Release|Any CPU
	EndGlobalSection
EndGlobal
