{
  "name": "sample",
  "version": "1.0.0",
  "lockfileVersion": 2,
  "requires": true,
  "packages": {
    "": {
      "name": "sample",
      "dependencies": {
        "dotnet-webassembly-type-helper": "file:generated"
      }
    },
    "generated": {
      "name": "dotnet-webassembly-type-helper",
      "version": "1.0.0"
    },
    "node_modules/dotnet-webassembly-type-helper": {
      "resolved": "generated",
      "link": true
    }
  },
  "dependencies": {
    "dotnet-webassembly-type-helper": {
      "version": "file:generated"
    }
  }
}
